
Microsoft Visual Studio Solution File, Format Version 12.00
# Visual Studio Version 17
VisualStudioVersion = 17.14.37216.2 d17.14
MinimumVisualStudioVersion = 10.0.40219.1
Project("{FAE04EC0-301F-11D3-BF4B-00C04F79EFBC}") = "CrtGeometry", "CrtGeometry\CrtGeometry.csproj", "{533AB13E-2280-4EDC-B934-BB56E555F853}"
EndProject
Global
	GlobalSection(SolutionConfigurationPlatforms) = preSolution
		Debug|Any CPU = Debug|Any CPU
		Release|Any CPU = Release|Any CPU
	EndGlobalSection
	GlobalSection(ProjectConfigurationPlatforms) = postSolution
		{533AB13E-2280-4EDC-B934-BB56E555F853}.Debug|Any CPU.ActiveCfg = Debug|Any CPU
		{533AB13E-2280-4EDC-B934-BB56E555F853}.Debug|Any CPU.Build.0 = Debug|Any CPU
		{533AB13E-2280-4EDC-B934-BB56E555F853}.Release|Any CPU.ActiveCfg = Release|Any CPU
		{533AB13E-2280-4EDC-B934-BB56E555F853}.Release|Any CPU.Build.0 = Release|Any CPU
	EndGlobalSection
	GlobalSection(SolutionProperties) = preSolution
		HideSolutionNode = FALSE
	EndGlobalSection
	GlobalSection(ExtensibilityGlobals) = postSolution
		SolutionGuid = {33590897-DEBA-4D49-981C-F35367B27F21}
	EndGlobalSection
EndGlobal
